
Microsoft Visual Studio Solution File, Format Version 12.00
# Visual Studio Version 17
VisualStudioVersion = 17.8.34511.84
MinimumVisualStudioVersion = 10.0.40219.1
Project("{9A19103F-16F7-4668-BE54-9A1E7A4F7556}") = "MetaAdLibraryAnalyzer", "MetaAdLibraryAnalyzer\MetaAdLibraryAnalyzer.csproj", "{BA5E0FC8-21F3-4470-BD1B-F850A10F4AD1}"
EndProject
Global
	GlobalSection(SolutionConfigurationPlatforms) = preSolution
		Debug|Any CPU = Debug|Any CPU
		Release|Any CPU = Release|Any CPU
	EndGlobalSection
	GlobalSection(ProjectConfigurationPlatforms) = postSolution
		{BA5E0FC8-21F3-4470-BD1B-F850A10F4AD1}.Debug|Any CPU.ActiveCfg = Debug|Any CPU
		{BA5E0FC8-21F3-4470-BD1B-F850A10F4AD1}.Debug|Any CPU.Build.0 = Debug|Any CPU
		{BA5E0FC8-21F3-4470-BD1B-F850A10F4AD1}.Release|Any CPU.ActiveCfg = Release|Any CPU
		{BA5E0FC8-21F3-4470-BD1B-F850A10F4AD1}.Release|Any CPU.Build.0 = Release|Any CPU
	EndGlobalSection
	GlobalSection(SolutionProperties) = preSolution
		HideSolutionNode = FALSE
	EndGlobalSection
	GlobalSection(ExtensibilityGlobals) = postSolution
		SolutionGuid = {B42E5F82-0455-47F4-BC06-123E1EBB5DC6}
	EndGlobalSection
EndGlobal
